// !$*UTF8*$!
{
	archiveVersion = 1;
	classes = {
	};
	objectVersion = 46;
	objects = {

/* Begin PBXBuildFile section */
		0DAC4C451CF3EE9D00304CD1 /* bit.c in Sources */ = {isa = PBXBuildFile; fileRef = 0DAC4C301CF3EE9D00304CD1 /* bit.c */; };
		0DAC4C461CF3EE9D00304CD1 /* fpconv.c in Sources */ = {isa = PBXBuildFile; fileRef = 0DAC4C331CF3EE9D00304CD1 /* fpconv.c */; };
		0DAC4C471CF3EE9D00304CD1 /* lua_cjson.c in Sources */ = {isa = PBXBuildFile; fileRef = 0DAC4C351CF3EE9D00304CD1 /* lua_cjson.c */; };
		0DAC4C481CF3EE9D00304CD1 /* strbuf.c in Sources */ = {isa = PBXBuildFile; fileRef = 0DAC4C371CF3EE9D00304CD1 /* strbuf.c */; };
		0DAC4C491CF3EE9D00304CD1 /* lua_tinker.cpp in Sources */ = {isa = PBXBuildFile; fileRef = 0DAC4C3A1CF3EE9D00304CD1 /* lua_tinker.cpp */; };
		0DAC4C4A1CF3EE9D00304CD1 /* des56.c in Sources */ = {isa = PBXBuildFile; fileRef = 0DAC4C3E1CF3EE9D00304CD1 /* des56.c */; };
		0DAC4C4B1CF3EE9D00304CD1 /* ldes56.c in Sources */ = {isa = PBXBuildFile; fileRef = 0DAC4C401CF3EE9D00304CD1 /* ldes56.c */; };
		0DAC4C4C1CF3EE9D00304CD1 /* md5.c in Sources */ = {isa = PBXBuildFile; fileRef = 0DAC4C421CF3EE9D00304CD1 /* md5.c */; };
		0DAC4C4D1CF3EE9D00304CD1 /* md5lib.c in Sources */ = {isa = PBXBuildFile; fileRef = 0DAC4C441CF3EE9D00304CD1 /* md5lib.c */; };
/* End PBXBuildFile section */

/* Begin PBXCopyFilesBuildPhase section */
		0DAC4C151CF3EDE500304CD1 /* CopyFiles */ = {
			isa = PBXCopyFilesBuildPhase;
			buildActionMask = 2147483647;
			dstPath = "include/$(PRODUCT_NAME)";
			dstSubfolderSpec = 16;
			files = (
			);
			runOnlyForDeploymentPostprocessing = 0;
		};
/* End PBXCopyFilesBuildPhase section */

/* Begin PBXFileReference section */
		0DAC4C171CF3EDE500304CD1 /* liblualib.a */ = {isa = PBXFileReference; explicitFileType = archive.ar; includeInIndex = 0; path = liblualib.a; sourceTree = BUILT_PRODUCTS_DIR; };
		0DAC4C301CF3EE9D00304CD1 /* bit.c */ = {isa = PBXFileReference; fileEncoding = 4; lastKnownFileType = sourcecode.c.c; path = bit.c; sourceTree = "<group>"; };
		0DAC4C311CF3EE9D00304CD1 /* bit.h */ = {isa = PBXFileReference; fileEncoding = 4; lastKnownFileType = sourcecode.c.h; path = bit.h; sourceTree = "<group>"; };
		0DAC4C331CF3EE9D00304CD1 /* fpconv.c */ = {isa = PBXFileReference; fileEncoding = 4; lastKnownFileType = sourcecode.c.c; path = fpconv.c; sourceTree = "<group>"; };
		0DAC4C341CF3EE9D00304CD1 /* fpconv.h */ = {isa = PBXFileReference; fileEncoding = 4; lastKnownFileType = sourcecode.c.h; path = fpconv.h; sourceTree = "<group>"; };
		0DAC4C351CF3EE9D00304CD1 /* lua_cjson.c */ = {isa = PBXFileReference; fileEncoding = 4; lastKnownFileType = sourcecode.c.c; path = lua_cjson.c; sourceTree = "<group>"; };
		0DAC4C361CF3EE9D00304CD1 /* lua_cjson.h */ = {isa = PBXFileReference; fileEncoding = 4; lastKnownFileType = sourcecode.c.h; path = lua_cjson.h; sourceTree = "<group>"; };
		0DAC4C371CF3EE9D00304CD1 /* strbuf.c */ = {isa = PBXFileReference; fileEncoding = 4; lastKnownFileType = sourcecode.c.c; path = strbuf.c; sourceTree = "<group>"; };
		0DAC4C381CF3EE9D00304CD1 /* strbuf.h */ = {isa = PBXFileReference; fileEncoding = 4; lastKnownFileType = sourcecode.c.h; path = strbuf.h; sourceTree = "<group>"; };
		0DAC4C3A1CF3EE9D00304CD1 /* lua_tinker.cpp */ = {isa = PBXFileReference; fileEncoding = 4; lastKnownFileType = sourcecode.cpp.cpp; path = lua_tinker.cpp; sourceTree = "<group>"; };
		0DAC4C3B1CF3EE9D00304CD1 /* lua_tinker.h */ = {isa = PBXFileReference; fileEncoding = 4; lastKnownFileType = sourcecode.c.h; path = lua_tinker.h; sourceTree = "<group>"; };
		0DAC4C3C1CF3EE9D00304CD1 /* LuaClass.h */ = {isa = PBXFileReference; fileEncoding = 4; lastKnownFileType = sourcecode.c.h; path = LuaClass.h; sourceTree = "<group>"; };
		0DAC4C3E1CF3EE9D00304CD1 /* des56.c */ = {isa = PBXFileReference; fileEncoding = 4; lastKnownFileType = sourcecode.c.c; path = des56.c; sourceTree = "<group>"; };
		0DAC4C3F1CF3EE9D00304CD1 /* des56.h */ = {isa = PBXFileReference; fileEncoding = 4; lastKnownFileType = sourcecode.c.h; path = des56.h; sourceTree = "<group>"; };
		0DAC4C401CF3EE9D00304CD1 /* ldes56.c */ = {isa = PBXFileReference; fileEncoding = 4; lastKnownFileType = sourcecode.c.c; path = ldes56.c; sourceTree = "<group>"; };
		0DAC4C411CF3EE9D00304CD1 /* ldes56.h */ = {isa = PBXFileReference; fileEncoding = 4; lastKnownFileType = sourcecode.c.h; path = ldes56.h; sourceTree = "<group>"; };
		0DAC4C421CF3EE9D00304CD1 /* md5.c */ = {isa = PBXFileReference; fileEncoding = 4; lastKnownFileType = sourcecode.c.c; path = md5.c; sourceTree = "<group>"; };
		0DAC4C431CF3EE9D00304CD1 /* md5.h */ = {isa = PBXFileReference; fileEncoding = 4; lastKnownFileType = sourcecode.c.h; path = md5.h; sourceTree = "<group>"; };
		0DAC4C441CF3EE9D00304CD1 /* md5lib.c */ = {isa = PBXFileReference; fileEncoding = 4; lastKnownFileType = sourcecode.c.c; path = md5lib.c; sourceTree = "<group>"; };
/* End PBXFileReference section */

/* Begin PBXFrameworksBuildPhase section */
		0DAC4C141CF3EDE500304CD1 /* Frameworks */ = {
			isa = PBXFrameworksBuildPhase;
			buildActionMask = 2147483647;
			files = (
			);
			runOnlyForDeploymentPostprocessing = 0;
		};
/* End PBXFrameworksBuildPhase section */

/* Begin PBXGroup section */
		0DAC4C0E1CF3EDE500304CD1 = {
			isa = PBXGroup;
			children = (
				0DAC4C2F1CF3EE9D00304CD1 /* bit */,
				0DAC4C321CF3EE9D00304CD1 /* cjson */,
				0DAC4C391CF3EE9D00304CD1 /* lua_tinker */,
				0DAC4C3D1CF3EE9D00304CD1 /* md5 */,
				0DAC4C181CF3EDE500304CD1 /* Products */,
			);
			sourceTree = "<group>";
		};
		0DAC4C181CF3EDE500304CD1 /* Products */ = {
			isa = PBXGroup;
			children = (
				0DAC4C171CF3EDE500304CD1 /* liblualib.a */,
			);
			name = Products;
			sourceTree = "<group>";
		};
		0DAC4C2F1CF3EE9D00304CD1 /* bit */ = {
			isa = PBXGroup;
			children = (
				0DAC4C301CF3EE9D00304CD1 /* bit.c */,
				0DAC4C311CF3EE9D00304CD1 /* bit.h */,
			);
			path = bit;
			sourceTree = "<group>";
		};
		0DAC4C321CF3EE9D00304CD1 /* cjson */ = {
			isa = PBXGroup;
			children = (
				0DAC4C331CF3EE9D00304CD1 /* fpconv.c */,
				0DAC4C341CF3EE9D00304CD1 /* fpconv.h */,
				0DAC4C351CF3EE9D00304CD1 /* lua_cjson.c */,
				0DAC4C361CF3EE9D00304CD1 /* lua_cjson.h */,
				0DAC4C371CF3EE9D00304CD1 /* strbuf.c */,
				0DAC4C381CF3EE9D00304CD1 /* strbuf.h */,
			);
			path = cjson;
			sourceTree = "<group>";
		};
		0DAC4C391CF3EE9D00304CD1 /* lua_tinker */ = {
			isa = PBXGroup;
			children = (
				0DAC4C3A1CF3EE9D00304CD1 /* lua_tinker.cpp */,
				0DAC4C3B1CF3EE9D00304CD1 /* lua_tinker.h */,
				0DAC4C3C1CF3EE9D00304CD1 /* LuaClass.h */,
			);
			path = lua_tinker;
			sourceTree = "<group>";
		};
		0DAC4C3D1CF3EE9D00304CD1 /* md5 */ = {
			isa = PBXGroup;
			children = (
				0DAC4C3E1CF3EE9D00304CD1 /* des56.c */,
				0DAC4C3F1CF3EE9D00304CD1 /* des56.h */,
				0DAC4C401CF3EE9D00304CD1 /* ldes56.c */,
				0DAC4C411CF3EE9D00304CD1 /* ldes56.h */,
				0DAC4C421CF3EE9D00304CD1 /* md5.c */,
				0DAC4C431CF3EE9D00304CD1 /* md5.h */,
				0DAC4C441CF3EE9D00304CD1 /* md5lib.c */,
			);
			path = md5;
			sourceTree = "<group>";
		};
/* End PBXGroup section */

/* Begin PBXNativeTarget section */
		0DAC4C161CF3EDE500304CD1 /* lualib */ = {
			isa = PBXNativeTarget;
			buildConfigurationList = 0DAC4C201CF3EDE500304CD1 /* Build configuration list for PBXNativeTarget "lualib" */;
			buildPhases = (
				0DAC4C131CF3EDE500304CD1 /* Sources */,
				0DAC4C141CF3EDE500304CD1 /* Frameworks */,
				0DAC4C151CF3EDE500304CD1 /* CopyFiles */,
			);
			buildRules = (
			);
			dependencies = (
			);
			name = lualib;
			productName = lualib;
			productReference = 0DAC4C171CF3EDE500304CD1 /* liblualib.a */;
			productType = "com.apple.product-type.library.static";
		};
/* End PBXNativeTarget section */

/* Begin PBXProject section */
		0DAC4C0F1CF3EDE500304CD1 /* Project object */ = {
			isa = PBXProject;
			attributes = {
				LastUpgradeCheck = 0720;
				ORGANIZATIONNAME = wugd;
				TargetAttributes = {
					0DAC4C161CF3EDE500304CD1 = {
						CreatedOnToolsVersion = 7.2;
					};
				};
			};
			buildConfigurationList = 0DAC4C121CF3EDE500304CD1 /* Build configuration list for PBXProject "lualib" */;
			compatibilityVersion = "Xcode 3.2";
			developmentRegion = English;
			hasScannedForEncodings = 0;
			knownRegions = (
				en,
			);
			mainGroup = 0DAC4C0E1CF3EDE500304CD1;
			productRefGroup = 0DAC4C181CF3EDE500304CD1 /* Products */;
			projectDirPath = "";
			projectRoot = "";
			targets = (
				0DAC4C161CF3EDE500304CD1 /* lualib */,
			);
		};
/* End PBXProject section */

/* Begin PBXSourcesBuildPhase section */
		0DAC4C131CF3EDE500304CD1 /* Sources */ = {
			isa = PBXSourcesBuildPhase;
			buildActionMask = 2147483647;
			files = (
				0DAC4C4D1CF3EE9D00304CD1 /* md5lib.c in Sources */,
				0DAC4C451CF3EE9D00304CD1 /* bit.c in Sources */,
				0DAC4C471CF3EE9D00304CD1 /* lua_cjson.c in Sources */,
				0DAC4C461CF3EE9D00304CD1 /* fpconv.c in Sources */,
				0DAC4C4A1CF3EE9D00304CD1 /* des56.c in Sources */,
				0DAC4C4C1CF3EE9D00304CD1 /* md5.c in Sources */,
				0DAC4C481CF3EE9D00304CD1 /* strbuf.c in Sources */,
				0DAC4C491CF3EE9D00304CD1 /* lua_tinker.cpp in Sources */,
				0DAC4C4B1CF3EE9D00304CD1 /* ldes56.c in Sources */,
			);
			runOnlyForDeploymentPostprocessing = 0;
		};
/* End PBXSourcesBuildPhase section */

/* Begin XCBuildConfiguration section */
		0DAC4C1E1CF3EDE500304CD1 /* Debug */ = {
			isa = XCBuildConfiguration;
			buildSettings = {
				ALWAYS_SEARCH_USER_PATHS = NO;
				CLANG_CXX_LANGUAGE_STANDARD = "gnu++0x";
				CLANG_CXX_LIBRARY = "libc++";
				CLANG_ENABLE_MODULES = YES;
				CLANG_ENABLE_OBJC_ARC = YES;
				CLANG_WARN_BOOL_CONVERSION = YES;
				CLANG_WARN_CONSTANT_CONVERSION = YES;
				CLANG_WARN_DIRECT_OBJC_ISA_USAGE = YES_ERROR;
				CLANG_WARN_EMPTY_BODY = YES;
				CLANG_WARN_ENUM_CONVERSION = YES;
				CLANG_WARN_INT_CONVERSION = YES;
				CLANG_WARN_OBJC_ROOT_CLASS = YES_ERROR;
				CLANG_WARN_UNREACHABLE_CODE = YES;
				CLANG_WARN__DUPLICATE_METHOD_MATCH = YES;
				"CODE_SIGN_IDENTITY[sdk=iphoneos*]" = "iPhone Developer";
				COPY_PHASE_STRIP = NO;
				DEBUG_INFORMATION_FORMAT = dwarf;
				ENABLE_STRICT_OBJC_MSGSEND = YES;
				ENABLE_TESTABILITY = YES;
				GCC_C_LANGUAGE_STANDARD = gnu99;
				GCC_DYNAMIC_NO_PIC = NO;
				GCC_NO_COMMON_BLOCKS = YES;
				GCC_OPTIMIZATION_LEVEL = 0;
				GCC_PREPROCESSOR_DEFINITIONS = (
					"DEBUG=1",
					"$(inherited)",
				);
				GCC_WARN_64_TO_32_BIT_CONVERSION = YES;
				GCC_WARN_ABOUT_RETURN_TYPE = YES_ERROR;
				GCC_WARN_UNDECLARED_SELECTOR = YES;
				GCC_WARN_UNINITIALIZED_AUTOS = YES_AGGRESSIVE;
				GCC_WARN_UNUSED_FUNCTION = YES;
				GCC_WARN_UNUSED_VARIABLE = YES;
				IPHONEOS_DEPLOYMENT_TARGET = 9.2;
				MTL_ENABLE_DEBUG_INFO = YES;
				ONLY_ACTIVE_ARCH = YES;
				SDKROOT = iphoneos;
			};
			name = Debug;
		};
		0DAC4C1F1CF3EDE500304CD1 /* Release */ = {
			isa = XCBuildConfiguration;
			buildSettings = {
				ALWAYS_SEARCH_USER_PATHS = NO;
				CLANG_CXX_LANGUAGE_STANDARD = "gnu++0x";
				CLANG_CXX_LIBRARY = "libc++";
				CLANG_ENABLE_MODULES = YES;
				CLANG_ENABLE_OBJC_ARC = YES;
				CLANG_WARN_BOOL_CONVERSION = YES;
				CLANG_WARN_CONSTANT_CONVERSION = YES;
				CLANG_WARN_DIRECT_OBJC_ISA_USAGE = YES_ERROR;
				CLANG_WARN_EMPTY_BODY = YES;
				CLANG_WARN_ENUM_CONVERSION = YES;
				CLANG_WARN_INT_CONVERSION = YES;
				CLANG_WARN_OBJC_ROOT_CLASS = YES_ERROR;
				CLANG_WARN_UNREACHABLE_CODE = YES;
				CLANG_WARN__DUPLICATE_METHOD_MATCH = YES;
				"CODE_SIGN_IDENTITY[sdk=iphoneos*]" = "iPhone Developer";
				COPY_PHASE_STRIP = NO;
				DEBUG_INFORMATION_FORMAT = "dwarf-with-dsym";
				ENABLE_NS_ASSERTIONS = NO;
				ENABLE_STRICT_OBJC_MSGSEND = YES;
				GCC_C_LANGUAGE_STANDARD = gnu99;
				GCC_NO_COMMON_BLOCKS = YES;
				GCC_WARN_64_TO_32_BIT_CONVERSION = YES;
				GCC_WARN_ABOUT_RETURN_TYPE = YES_ERROR;
				GCC_WARN_UNDECLARED_SELECTOR = YES;
				GCC_WARN_UNINITIALIZED_AUTOS = YES_AGGRESSIVE;
				GCC_WARN_UNUSED_FUNCTION = YES;
				GCC_WARN_UNUSED_VARIABLE = YES;
				IPHONEOS_DEPLOYMENT_TARGET = 9.2;
				MTL_ENABLE_DEBUG_INFO = NO;
				SDKROOT = iphoneos;
				VALIDATE_PRODUCT = YES;
			};
			name = Release;
		};
		0DAC4C211CF3EDE500304CD1 /* Debug */ = {
			isa = XCBuildConfiguration;
			buildSettings = {
				HEADER_SEARCH_PATHS = (
					"$(SRCROOT)/",
					"$(SRCROOT)/../../frameworks/cocos2d-x/external/lua/lua",
				);
				OTHER_LDFLAGS = "-ObjC";
				PRODUCT_NAME = "$(TARGET_NAME)";
				SKIP_INSTALL = YES;
			};
			name = Debug;
		};
		0DAC4C221CF3EDE500304CD1 /* Release */ = {
			isa = XCBuildConfiguration;
			buildSettings = {
				HEADER_SEARCH_PATHS = (
					"$(SRCROOT)/",
					"$(SRCROOT)/../../frameworks/cocos2d-x/external/lua/lua",
				);
				OTHER_LDFLAGS = "-ObjC";
				PRODUCT_NAME = "$(TARGET_NAME)";
				SKIP_INSTALL = YES;
			};
			name = Release;
		};
/* End XCBuildConfiguration section */

/* Begin XCConfigurationList section */
		0DAC4C121CF3EDE500304CD1 /* Build configuration list for PBXProject "lualib" */ = {
			isa = XCConfigurationList;
			buildConfigurations = (
				0DAC4C1E1CF3EDE500304CD1 /* Debug */,
				0DAC4C1F1CF3EDE500304CD1 /* Release */,
			);
			defaultConfigurationIsVisible = 0;
			defaultConfigurationName = Release;
		};
		0DAC4C201CF3EDE500304CD1 /* Build configuration list for PBXNativeTarget "lualib" */ = {
			isa = XCConfigurationList;
			buildConfigurations = (
				0DAC4C211CF3EDE500304CD1 /* Debug */,
				0DAC4C221CF3EDE500304CD1 /* Release */,
			);
			defaultConfigurationIsVisible = 0;
			defaultConfigurationName = Release;
		};
/* End XCConfigurationList section */
	};
	rootObject = 0DAC4C0F1CF3EDE500304CD1 /* Project object */;
}
